{
  "lockfile_version": "1",
  "packages": {
    "bzip2@latest": {
      "last_modified": "2025-10-11T06:31:15Z",
      "resolved": "github:NixOS/nixpkgs/362791944032cb532aabbeed7887a441496d5e6e#bzip2",
      "source": "devbox-search",
      "version": "1.0.8",
      "systems": {
        "aarch64-darwin": {
          "outputs": [
            {
              "name": "bin",
              "path": "/nix/store/vs8p8fpbcws1qkhnnypcf2cdvf0lj1p2-bzip2-1.0.8-bin",
              "default": true
            },
            {
              "name": "man",
              "path": "/nix/store/ird3chihnyinv7w84a82p24n45dfxfzl-bzip2-1.0.8-man",
              "default": true
            },
            {
              "name": "dev",
              "path": "/nix/store/4aszqczgnz3c0kylsydhfbc2pwjasyyn-bzip2-1.0.8-dev"
            },
            {
              "name": "out",
              "path": "/nix/store/klv48rwzadcxlhpl5p6ps476x6g5r10h-bzip2-1.0.8"
            }
          ],
          "store_path": "/nix/store/vs8p8fpbcws1qkhnnypcf2cdvf0lj1p2-bzip2-1.0.8-bin"
        },
        "aarch64-linux": {
          "outputs": [
            {
              "name": "bin",
              "path": "/nix/store/25wkwlmikpqsqsyrfv2ndafhrpd3lnwh-bzip2-1.0.8-bin",
              "default": true
            },
            {
              "name": "man",
              "path": "/nix/store/rbh539yixb1aky54xhgs9z0gnjvxs3fk-bzip2-1.0.8-man",
              "default": true
            },
            {
              "name": "out",
              "path": "/nix/store/1yc074s870ckd4ca9q003v2rdp6aajbv-bzip2-1.0.8"
            },
            {
              "name": "dev",
              "path": "/nix/store/477qf5nmwxch6p9zvsx3a9ks4sj41di4-bzip2-1.0.8-dev"
            }
          ],
          "store_path": "/nix/store/25wkwlmikpqsqsyrfv2ndafhrpd3lnwh-bzip2-1.0.8-bin"
        },
        "x86_64-darwin": {
          "outputs": [
            {
              "name": "bin",
              "path": "/nix/store/f5fhpmwbk3hiigfqx57754wv7vr50d0m-bzip2-1.0.8-bin",
              "default": true
            },
            {
              "name": "man",
              "path": "/nix/store/ybrpgdzpbrsig284612akj3prry79i7r-bzip2-1.0.8-man",
              "default": true
            },
            {
              "name": "dev",
              "path": "/nix/store/pzn0vralympn7v0ag6626ykz08898r0q-bzip2-1.0.8-dev"
            },
            {
              "name": "out",
              "path": "/nix/store/wrzvg2lf3v7z9lgcw6yz46kxf6n3mrnh-bzip2-1.0.8"
            }
          ],
          "store_path": "/nix/store/f5fhpmwbk3hiigfqx57754wv7vr50d0m-bzip2-1.0.8-bin"
        },
        "x86_64-linux": {
          "outputs": [
            {
              "name": "bin",
              "path": "/nix/store/xnd0ld68fzj1g1qr19gg0va486snwj22-bzip2-1.0.8-bin",
              "default": true
            },
            {
              "name": "man",
              "path": "/nix/store/25kzlvi74z88iscxl3y6lybj5kzr9g17-bzip2-1.0.8-man",
              "default": true
            },
            {
              "name": "dev",
              "path": "/nix/store/z43lixbl4fidqknf8w37crz8znafw5yp-bzip2-1.0.8-dev"
            },
            {
              "name": "out",
              "path": "/nix/store/j59qq0cqb364kzzrx2r32swfljwklxlq-bzip2-1.0.8"
            }
          ],
          "store_path": "/nix/store/xnd0ld68fzj1g1qr19gg0va486snwj22-bzip2-1.0.8-bin"
        }
      }
    },
    "github:NixOS/nixpkgs/nixpkgs-unstable": {
      "last_modified": "2025-10-23T16:27:14Z",
      "resolved": "github:NixOS/nixpkgs/d5faa84122bc0a1fd5d378492efce4e289f8eac1?lastModified=1761236834&narHash=sha256-%2Bpthv6hrL5VLW2UqPdISGuLiUZ6SnAXdd2DdUE%2BfV2Q%3D"
    },
    "libiconv@latest": {
      "last_modified": "2025-10-07T08:41:47Z",
      "resolved": "github:NixOS/nixpkgs/bce5fe2bb998488d8e7e7856315f90496723793c#libiconv",
      "source": "devbox-search",
      "version": "2.40",
      "systems": {
        "aarch64-darwin": {
          "outputs": [
            {
              "path": "/nix/store/2ilm1l0xy457r1py73n1sxh2c8pc1sq1-libiconv-109",
              "default": true
            }
          ]
        },
        "aarch64-linux": {
          "outputs": [
            {
              "name": "out",
              "path": "/nix/store/6rr98c0hx1wlv5vfhys8qkvyn0c846ca-glibc-iconv-2.40",
              "default": true
            }
          ],
          "store_path": "/nix/store/6rr98c0hx1wlv5vfhys8qkvyn0c846ca-glibc-iconv-2.40"
        },
        "x86_64-linux": {
          "outputs": [
            {
              "name": "out",
              "path": "/nix/store/4fb5mqv7cbnikfwf7sjbnlsk8irmm6dc-glibc-iconv-2.40",
              "default": true
            }
          ],
          "store_path": "/nix/store/4fb5mqv7cbnikfwf7sjbnlsk8irmm6dc-glibc-iconv-2.40"
        }
      }
    },
    "python@3.10": {
      "last_modified": "2025-10-10T13:35:32Z",
      "plugin_version": "0.0.4",
      "resolved": "github:NixOS/nixpkgs/870493f9a8cb0b074ae5b411b2f232015db19a65#python310",
      "source": "devbox-search",
      "version": "3.10.19",
      "systems": {
        "aarch64-darwin": {
          "outputs": [
            {
              "name": "out",
              "path": "/nix/store/ip9f5nfs7zyp0xkp7z7y081gii6g1zdj-python3-3.10.19",
              "default": true
            }
          ],
          "store_path": "/nix/store/ip9f5nfs7zyp0xkp7z7y081gii6g1zdj-python3-3.10.19"
        },
        "aarch64-linux": {
          "outputs": [
            {
              "name": "out",
              "path": "/nix/store/sz77fih1krj9hj0f0pnlyxz8hzry1n7m-python3-3.10.19",
              "default": true
            },
            {
              "name": "debug",
              "path": "/nix/store/bi48hgsfkpglz4fjpz74cxirv1zq05m1-python3-3.10.19-debug"
            }
          ],
          "store_path": "/nix/store/sz77fih1krj9hj0f0pnlyxz8hzry1n7m-python3-3.10.19"
        },
        "x86_64-darwin": {
          "outputs": [
            {
              "name": "out",
              "path": "/nix/store/vvrfifwypwpnv54b8nnxmb8sw7m456wp-python3-3.10.19",
              "default": true
            }
          ],
          "store_path": "/nix/store/vvrfifwypwpnv54b8nnxmb8sw7m456wp-python3-3.10.19"
        },
        "x86_64-linux": {
          "outputs": [
            {
              "name": "out",
              "path": "/nix/store/pc5076zvyr67jw763yr6jrz7f8zwk56h-python3-3.10.19",
              "default": true
            },
            {
              "name": "debug",
              "path": "/nix/store/grch81rrkmbv72gks8z1q55kw262nj1b-python3-3.10.19-debug"
            }
          ],
          "store_path": "/nix/store/pc5076zvyr67jw763yr6jrz7f8zwk56h-python3-3.10.19"
        }
      }
    },
    "rustup@latest": {
      "last_modified": "2025-10-07T08:41:47Z",
      "plugin_version": "0.0.1",
      "resolved": "github:NixOS/nixpkgs/bce5fe2bb998488d8e7e7856315f90496723793c#rustup",
      "source": "devbox-search",
      "version": "1.28.2",
      "systems": {
        "aarch64-darwin": {
          "outputs": [
            {
              "name": "out",
              "path": "/nix/store/c0hma7qhh77azr00fb0iyfxh755kii2a-rustup-1.28.2",
              "default": true
            }
          ],
          "store_path": "/nix/store/c0hma7qhh77azr00fb0iyfxh755kii2a-rustup-1.28.2"
        },
        "aarch64-linux": {
          "outputs": [
            {
              "name": "out",
              "path": "/nix/store/j10lnlx897kxkgyssw0dymgicrkmkk8h-rustup-1.28.2",
              "default": true
            }
          ],
          "store_path": "/nix/store/j10lnlx897kxkgyssw0dymgicrkmkk8h-rustup-1.28.2"
        },
        "x86_64-darwin": {
          "outputs": [
            {
              "name": "out",
              "path": "/nix/store/rvmz7gjc3qnn43n6hp8sgnwbxfblff6z-rustup-1.28.2",
              "default": true
            }
          ],
          "store_path": "/nix/store/rvmz7gjc3qnn43n6hp8sgnwbxfblff6z-rustup-1.28.2"
        },
        "x86_64-linux": {
          "outputs": [
            {
              "name": "out",
              "path": "/nix/store/x79fgd51264ssqjcv39hd4g9cd4j0s63-rustup-1.28.2",
              "default": true
            }
          ],
          "store_path": "/nix/store/x79fgd51264ssqjcv39hd4g9cd4j0s63-rustup-1.28.2"
        }
      }
    },
    "uv@latest": {
      "last_modified": "2025-10-07T08:41:47Z",
      "resolved": "github:NixOS/nixpkgs/bce5fe2bb998488d8e7e7856315f90496723793c#uv",
      "source": "devbox-search",
      "version": "0.8.19",
      "systems": {
        "aarch64-darwin": {
          "outputs": [
            {
              "name": "out",
              "path": "/nix/store/lv129j2nzhmqidpp52kf359adwdxxv24-uv-0.8.19",
              "default": true
            }
          ],
          "store_path": "/nix/store/lv129j2nzhmqidpp52kf359adwdxxv24-uv-0.8.19"
        },
        "aarch64-linux": {
          "outputs": [
            {
              "name": "out",
              "path": "/nix/store/rmv0i8zwjsyxkiim6bspy9fx9sqdxi37-uv-0.8.19",
              "default": true
            }
          ],
          "store_path": "/nix/store/rmv0i8zwjsyxkiim6bspy9fx9sqdxi37-uv-0.8.19"
        },
        "x86_64-darwin": {
          "outputs": [
            {
              "name": "out",
              "path": "/nix/store/z2xcpx4vnbkn9v8iqss4d71fgz13n8m1-uv-0.8.19",
              "default": true
            }
          ],
          "store_path": "/nix/store/z2xcpx4vnbkn9v8iqss4d71fgz13n8m1-uv-0.8.19"
        },
        "x86_64-linux": {
          "outputs": [
            {
              "name": "out",
              "path": "/nix/store/jiwzxayklgiacpgj0fivzk7abp7gm6bm-uv-0.8.19",
              "default": true
            }
          ],
          "store_path": "/nix/store/jiwzxayklgiacpgj0fivzk7abp7gm6bm-uv-0.8.19"
        }
      }
    }
  }
}
