{
  "lockfile_version": "1",
  "packages": {
    "github:NixOS/nixpkgs/nixpkgs-unstable": {
      "last_modified": "2025-10-10T13:35:32Z",
      "resolved": "github:NixOS/nixpkgs/870493f9a8cb0b074ae5b411b2f232015db19a65?lastModified=1760103332&narHash=sha256-BMsGVfKl4Q80Pr9T1AkCRljO1bpwCmY8rTBVj8XGuhA%3D"
    },
    "libiconv@latest": {
      "last_modified": "2025-09-18T16:33:27Z",
      "resolved": "github:NixOS/nixpkgs/f4b140d5b253f5e2a1ff4e5506edbf8267724bde#libiconv",
      "source": "devbox-search",
      "version": "2.40",
      "systems": {
        "aarch64-linux": {
          "outputs": [
            {
              "name": "out",
              "path": "/nix/store/bg99x2gy6iqxfk59fkl9rgnps1ljy7gy-glibc-iconv-2.40",
              "default": true
            }
          ],
          "store_path": "/nix/store/bg99x2gy6iqxfk59fkl9rgnps1ljy7gy-glibc-iconv-2.40"
        },
        "x86_64-linux": {
          "outputs": [
            {
              "name": "out",
              "path": "/nix/store/b9d57nlfb8a2fn7n4kfl1wf3y26mgrg4-glibc-iconv-2.40",
              "default": true
            }
          ],
          "store_path": "/nix/store/b9d57nlfb8a2fn7n4kfl1wf3y26mgrg4-glibc-iconv-2.40"
        }
      }
    },
    "rustup@latest": {
      "last_modified": "2025-09-18T16:33:27Z",
      "plugin_version": "0.0.1",
      "resolved": "github:NixOS/nixpkgs/f4b140d5b253f5e2a1ff4e5506edbf8267724bde#rustup",
      "source": "devbox-search",
      "version": "1.28.2",
      "systems": {
        "aarch64-darwin": {
          "outputs": [
            {
              "name": "out",
              "path": "/nix/store/q70bj005jz3smra5qikxq256rn22fsim-rustup-1.28.2",
              "default": true
            }
          ],
          "store_path": "/nix/store/q70bj005jz3smra5qikxq256rn22fsim-rustup-1.28.2"
        },
        "aarch64-linux": {
          "outputs": [
            {
              "name": "out",
              "path": "/nix/store/x2k79iz4pb9my69661c2gg5vm5sgf42q-rustup-1.28.2",
              "default": true
            }
          ],
          "store_path": "/nix/store/x2k79iz4pb9my69661c2gg5vm5sgf42q-rustup-1.28.2"
        },
        "x86_64-darwin": {
          "outputs": [
            {
              "name": "out",
              "path": "/nix/store/qg0riz8jgd02asrjn83bg1ifx9b1bp46-rustup-1.28.2",
              "default": true
            }
          ],
          "store_path": "/nix/store/qg0riz8jgd02asrjn83bg1ifx9b1bp46-rustup-1.28.2"
        },
        "x86_64-linux": {
          "outputs": [
            {
              "name": "out",
              "path": "/nix/store/ra2zx3av6408y4w2mcfryj1p2m69x2j1-rustup-1.28.2",
              "default": true
            }
          ],
          "store_path": "/nix/store/ra2zx3av6408y4w2mcfryj1p2m69x2j1-rustup-1.28.2"
        }
      }
    },
    "uv@latest": {
      "last_modified": "2025-09-18T16:33:27Z",
      "resolved": "github:NixOS/nixpkgs/f4b140d5b253f5e2a1ff4e5506edbf8267724bde#uv",
      "source": "devbox-search",
      "version": "0.8.14",
      "systems": {
        "aarch64-darwin": {
          "outputs": [
            {
              "name": "out",
              "path": "/nix/store/jvsjlmb0h8kfflmr1fjqaqvv8znp99pr-uv-0.8.14",
              "default": true
            }
          ],
          "store_path": "/nix/store/jvsjlmb0h8kfflmr1fjqaqvv8znp99pr-uv-0.8.14"
        },
        "aarch64-linux": {
          "outputs": [
            {
              "name": "out",
              "path": "/nix/store/3yyvvd9k79im73nsafnrqqadi7ln7lgd-uv-0.8.14",
              "default": true
            }
          ],
          "store_path": "/nix/store/3yyvvd9k79im73nsafnrqqadi7ln7lgd-uv-0.8.14"
        },
        "x86_64-darwin": {
          "outputs": [
            {
              "name": "out",
              "path": "/nix/store/lsl4wjgvsfvka6dm0lirlgpfks3r9937-uv-0.8.14",
              "default": true
            }
          ],
          "store_path": "/nix/store/lsl4wjgvsfvka6dm0lirlgpfks3r9937-uv-0.8.14"
        },
        "x86_64-linux": {
          "outputs": [
            {
              "name": "out",
              "path": "/nix/store/d4klvr31w9qc9qpypwaxmz6f9xy3339y-uv-0.8.14",
              "default": true
            }
          ],
          "store_path": "/nix/store/d4klvr31w9qc9qpypwaxmz6f9xy3339y-uv-0.8.14"
        }
      }
    }
  }
}
